
Microsoft Visual Studio Solution File, Format Version 12.00
# Visual Studio Version 17
VisualStudioVersion = 17.6.33815.320
MinimumVisualStudioVersion = 10.0.40219.1
Project("{FAE04EC0-301F-11D3-BF4B-00C04F79EFBC}") = "vehicle-price-backend-api", "vehicle-price-backend-api\vehicle-price-backend-api.csproj", "{9C675FD9-556C-4EDA-947C-2319FCF2B284}"
EndProject
Global
	GlobalSection(SolutionConfigurationPlatforms) = preSolution
		Debug|Any CPU = Debug|Any CPU
		Release|Any CPU = Release|Any CPU
	EndGlobalSection
	GlobalSection(ProjectConfigurationPlatforms) = postSolution
		{9C675FD9-556C-4EDA-947C-2319FCF2B284}.Debug|Any CPU.ActiveCfg = Debug|Any CPU
		{9C675FD9-556C-4EDA-947C-2319FCF2B284}.Debug|Any CPU.Build.0 = Debug|Any CPU
		{9C675FD9-556C-4EDA-947C-2319FCF2B284}.Release|Any CPU.ActiveCfg = Release|Any CPU
		{9C675FD9-556C-4EDA-947C-2319FCF2B284}.Release|Any CPU.Build.0 = Release|Any CPU
	EndGlobalSection
	GlobalSection(SolutionProperties) = preSolution
		HideSolutionNode = FALSE
	EndGlobalSection
	GlobalSection(ExtensibilityGlobals) = postSolution
		SolutionGuid = {67781317-A9F5-46AE-8173-D92A0A26C8F1}
	EndGlobalSection
EndGlobal
